// !$*UTF8*$!
{
	archiveVersion = 1;
	classes = {
	};
	objectVersion = 46;
	objects = {

/* Begin PBXBuildFile section */
		6E220BE21DCF1F8F0055D5B4 /* EffectLabel.swift in Sources */ = {isa = PBXBuildFile; fileRef = 6E220BE11DCF1F8F0055D5B4 /* EffectLabel.swift */; };
		6E220BE41DCF23230055D5B4 /* AnimatableLabel.swift in Sources */ = {isa = PBXBuildFile; fileRef = 6E220BE31DCF23230055D5B4 /* AnimatableLabel.swift */; };
		6E8D40EB1DAD1BC70039D9C0 /* TextEffectView.swift in Sources */ = {isa = PBXBuildFile; fileRef = 6E8D40EA1DAD1BC70039D9C0 /* TextEffectView.swift */; };
		6E9FAE061D9F72A600C0E3EF /* AppDelegate.swift in Sources */ = {isa = PBXBuildFile; fileRef = 6E9FAE051D9F72A600C0E3EF /* AppDelegate.swift */; };
		6E9FAE081D9F72A600C0E3EF /* ViewController.swift in Sources */ = {isa = PBXBuildFile; fileRef = 6E9FAE071D9F72A600C0E3EF /* ViewController.swift */; };
		6E9FAE0B1D9F72A600C0E3EF /* Main.storyboard in Resources */ = {isa = PBXBuildFile; fileRef = 6E9FAE091D9F72A600C0E3EF /* Main.storyboard */; };
		6E9FAE0D1D9F72A600C0E3EF /* Assets.xcassets in Resources */ = {isa = PBXBuildFile; fileRef = 6E9FAE0C1D9F72A600C0E3EF /* Assets.xcassets */; };
		6E9FAE101D9F72A600C0E3EF /* LaunchScreen.storyboard in Resources */ = {isa = PBXBuildFile; fileRef = 6E9FAE0E1D9F72A600C0E3EF /* LaunchScreen.storyboard */; };
		6E9FAE1B1D9F72A600C0E3EF /* TextKitSampleTests.swift in Sources */ = {isa = PBXBuildFile; fileRef = 6E9FAE1A1D9F72A600C0E3EF /* TextKitSampleTests.swift */; };
		6E9FAE261D9F72A600C0E3EF /* TextKitSampleUITests.swift in Sources */ = {isa = PBXBuildFile; fileRef = 6E9FAE251D9F72A600C0E3EF /* TextKitSampleUITests.swift */; };
		6E9FAE341D9F72D000C0E3EF /* TextKitLabel.swift in Sources */ = {isa = PBXBuildFile; fileRef = 6E9FAE331D9F72D000C0E3EF /* TextKitLabel.swift */; };
		6E9FAE361D9FA75F00C0E3EF /* TextKitView.swift in Sources */ = {isa = PBXBuildFile; fileRef = 6E9FAE351D9FA75F00C0E3EF /* TextKitView.swift */; };
/* End PBXBuildFile section */

/* Begin PBXContainerItemProxy section */
		6E9FAE171D9F72A600C0E3EF /* PBXContainerItemProxy */ = {
			isa = PBXContainerItemProxy;
			containerPortal = 6E9FADFA1D9F72A600C0E3EF /* Project object */;
			proxyType = 1;
			remoteGlobalIDString = 6E9FAE011D9F72A600C0E3EF;
			remoteInfo = TextKitSample;
		};
		6E9FAE221D9F72A600C0E3EF /* PBXContainerItemProxy */ = {
			isa = PBXContainerItemProxy;
			containerPortal = 6E9FADFA1D9F72A600C0E3EF /* Project object */;
			proxyType = 1;
			remoteGlobalIDString = 6E9FAE011D9F72A600C0E3EF;
			remoteInfo = TextKitSample;
		};
/* End PBXContainerItemProxy section */

/* Begin PBXFileReference section */
		6E220BE11DCF1F8F0055D5B4 /* EffectLabel.swift */ = {isa = PBXFileReference; fileEncoding = 4; lastKnownFileType = sourcecode.swift; path = EffectLabel.swift; sourceTree = "<group>"; };
		6E220BE31DCF23230055D5B4 /* AnimatableLabel.swift */ = {isa = PBXFileReference; fileEncoding = 4; lastKnownFileType = sourcecode.swift; path = AnimatableLabel.swift; sourceTree = "<group>"; };
		6E8D40EA1DAD1BC70039D9C0 /* TextEffectView.swift */ = {isa = PBXFileReference; fileEncoding = 4; lastKnownFileType = sourcecode.swift; name = TextEffectView.swift; path = Assets.xcassets/TextEffectView.swift; sourceTree = "<group>"; };
		6E9FAE021D9F72A600C0E3EF /* TextKitSample.app */ = {isa = PBXFileReference; explicitFileType = wrapper.application; includeInIndex = 0; path = TextKitSample.app; sourceTree = BUILT_PRODUCTS_DIR; };
		6E9FAE051D9F72A600C0E3EF /* AppDelegate.swift */ = {isa = PBXFileReference; lastKnownFileType = sourcecode.swift; path = AppDelegate.swift; sourceTree = "<group>"; };
		6E9FAE071D9F72A600C0E3EF /* ViewController.swift */ = {isa = PBXFileReference; lastKnownFileType = sourcecode.swift; path = ViewController.swift; sourceTree = "<group>"; };
		6E9FAE0A1D9F72A600C0E3EF /* Base */ = {isa = PBXFileReference; lastKnownFileType = file.storyboard; name = Base; path = Base.lproj/Main.storyboard; sourceTree = "<group>"; };
		6E9FAE0C1D9F72A600C0E3EF /* Assets.xcassets */ = {isa = PBXFileReference; lastKnownFileType = folder.assetcatalog; path = Assets.xcassets; sourceTree = "<group>"; };
		6E9FAE0F1D9F72A600C0E3EF /* Base */ = {isa = PBXFileReference; lastKnownFileType = file.storyboard; name = Base; path = Base.lproj/LaunchScreen.storyboard; sourceTree = "<group>"; };
		6E9FAE111D9F72A600C0E3EF /* Info.plist */ = {isa = PBXFileReference; lastKnownFileType = text.plist.xml; path = Info.plist; sourceTree = "<group>"; };
		6E9FAE161D9F72A600C0E3EF /* TextKitSampleTests.xctest */ = {isa = PBXFileReference; explicitFileType = wrapper.cfbundle; includeInIndex = 0; path = TextKitSampleTests.xctest; sourceTree = BUILT_PRODUCTS_DIR; };
		6E9FAE1A1D9F72A600C0E3EF /* TextKitSampleTests.swift */ = {isa = PBXFileReference; lastKnownFileType = sourcecode.swift; path = TextKitSampleTests.swift; sourceTree = "<group>"; };
		6E9FAE1C1D9F72A600C0E3EF /* Info.plist */ = {isa = PBXFileReference; lastKnownFileType = text.plist.xml; path = Info.plist; sourceTree = "<group>"; };
		6E9FAE211D9F72A600C0E3EF /* TextKitSampleUITests.xctest */ = {isa = PBXFileReference; explicitFileType = wrapper.cfbundle; includeInIndex = 0; path = TextKitSampleUITests.xctest; sourceTree = BUILT_PRODUCTS_DIR; };
		6E9FAE251D9F72A600C0E3EF /* TextKitSampleUITests.swift */ = {isa = PBXFileReference; lastKnownFileType = sourcecode.swift; path = TextKitSampleUITests.swift; sourceTree = "<group>"; };
		6E9FAE271D9F72A600C0E3EF /* Info.plist */ = {isa = PBXFileReference; lastKnownFileType = text.plist.xml; path = Info.plist; sourceTree = "<group>"; };
		6E9FAE331D9F72D000C0E3EF /* TextKitLabel.swift */ = {isa = PBXFileReference; fileEncoding = 4; lastKnownFileType = sourcecode.swift; path = TextKitLabel.swift; sourceTree = "<group>"; };
		6E9FAE351D9FA75F00C0E3EF /* TextKitView.swift */ = {isa = PBXFileReference; fileEncoding = 4; lastKnownFileType = sourcecode.swift; path = TextKitView.swift; sourceTree = "<group>"; };
/* End PBXFileReference section */

/* Begin PBXFrameworksBuildPhase section */
		6E9FADFF1D9F72A600C0E3EF /* Frameworks */ = {
			isa = PBXFrameworksBuildPhase;
			buildActionMask = 2147483647;
			files = (
			);
			runOnlyForDeploymentPostprocessing = 0;
		};
		6E9FAE131D9F72A600C0E3EF /* Frameworks */ = {
			isa = PBXFrameworksBuildPhase;
			buildActionMask = 2147483647;
			files = (
			);
			runOnlyForDeploymentPostprocessing = 0;
		};
		6E9FAE1E1D9F72A600C0E3EF /* Frameworks */ = {
			isa = PBXFrameworksBuildPhase;
			buildActionMask = 2147483647;
			files = (
			);
			runOnlyForDeploymentPostprocessing = 0;
		};
/* End PBXFrameworksBuildPhase section */

/* Begin PBXGroup section */
		6E9FADF91D9F72A600C0E3EF = {
			isa = PBXGroup;
			children = (
				6E9FAE041D9F72A600C0E3EF /* TextKitSample */,
				6E9FAE191D9F72A600C0E3EF /* TextKitSampleTests */,
				6E9FAE241D9F72A600C0E3EF /* TextKitSampleUITests */,
				6E9FAE031D9F72A600C0E3EF /* Products */,
			);
			sourceTree = "<group>";
		};
		6E9FAE031D9F72A600C0E3EF /* Products */ = {
			isa = PBXGroup;
			children = (
				6E9FAE021D9F72A600C0E3EF /* TextKitSample.app */,
				6E9FAE161D9F72A600C0E3EF /* TextKitSampleTests.xctest */,
				6E9FAE211D9F72A600C0E3EF /* TextKitSampleUITests.xctest */,
			);
			name = Products;
			sourceTree = "<group>";
		};
		6E9FAE041D9F72A600C0E3EF /* TextKitSample */ = {
			isa = PBXGroup;
			children = (
				6E9FAE051D9F72A600C0E3EF /* AppDelegate.swift */,
				6E9FAE071D9F72A600C0E3EF /* ViewController.swift */,
				6E220BE11DCF1F8F0055D5B4 /* EffectLabel.swift */,
				6E8D40EA1DAD1BC70039D9C0 /* TextEffectView.swift */,
				6E9FAE331D9F72D000C0E3EF /* TextKitLabel.swift */,
				6E9FAE351D9FA75F00C0E3EF /* TextKitView.swift */,
				6E9FAE091D9F72A600C0E3EF /* Main.storyboard */,
				6E9FAE0C1D9F72A600C0E3EF /* Assets.xcassets */,
				6E9FAE0E1D9F72A600C0E3EF /* LaunchScreen.storyboard */,
				6E9FAE111D9F72A600C0E3EF /* Info.plist */,
				6E220BE31DCF23230055D5B4 /* AnimatableLabel.swift */,
			);
			path = TextKitSample;
			sourceTree = "<group>";
		};
		6E9FAE191D9F72A600C0E3EF /* TextKitSampleTests */ = {
			isa = PBXGroup;
			children = (
				6E9FAE1A1D9F72A600C0E3EF /* TextKitSampleTests.swift */,
				6E9FAE1C1D9F72A600C0E3EF /* Info.plist */,
			);
			path = TextKitSampleTests;
			sourceTree = "<group>";
		};
		6E9FAE241D9F72A600C0E3EF /* TextKitSampleUITests */ = {
			isa = PBXGroup;
			children = (
				6E9FAE251D9F72A600C0E3EF /* TextKitSampleUITests.swift */,
				6E9FAE271D9F72A600C0E3EF /* Info.plist */,
			);
			path = TextKitSampleUITests;
			sourceTree = "<group>";
		};
/* End PBXGroup section */

/* Begin PBXNativeTarget section */
		6E9FAE011D9F72A600C0E3EF /* TextKitSample */ = {
			isa = PBXNativeTarget;
			buildConfigurationList = 6E9FAE2A1D9F72A600C0E3EF /* Build configuration list for PBXNativeTarget "TextKitSample" */;
			buildPhases = (
				6E9FADFE1D9F72A600C0E3EF /* Sources */,
				6E9FADFF1D9F72A600C0E3EF /* Frameworks */,
				6E9FAE001D9F72A600C0E3EF /* Resources */,
			);
			buildRules = (
			);
			dependencies = (
			);
			name = TextKitSample;
			productName = TextKitSample;
			productReference = 6E9FAE021D9F72A600C0E3EF /* TextKitSample.app */;
			productType = "com.apple.product-type.application";
		};
		6E9FAE151D9F72A600C0E3EF /* TextKitSampleTests */ = {
			isa = PBXNativeTarget;
			buildConfigurationList = 6E9FAE2D1D9F72A600C0E3EF /* Build configuration list for PBXNativeTarget "TextKitSampleTests" */;
			buildPhases = (
				6E9FAE121D9F72A600C0E3EF /* Sources */,
				6E9FAE131D9F72A600C0E3EF /* Frameworks */,
				6E9FAE141D9F72A600C0E3EF /* Resources */,
			);
			buildRules = (
			);
			dependencies = (
				6E9FAE181D9F72A600C0E3EF /* PBXTargetDependency */,
			);
			name = TextKitSampleTests;
			productName = TextKitSampleTests;
			productReference = 6E9FAE161D9F72A600C0E3EF /* TextKitSampleTests.xctest */;
			productType = "com.apple.product-type.bundle.unit-test";
		};
		6E9FAE201D9F72A600C0E3EF /* TextKitSampleUITests */ = {
			isa = PBXNativeTarget;
			buildConfigurationList = 6E9FAE301D9F72A600C0E3EF /* Build configuration list for PBXNativeTarget "TextKitSampleUITests" */;
			buildPhases = (
				6E9FAE1D1D9F72A600C0E3EF /* Sources */,
				6E9FAE1E1D9F72A600C0E3EF /* Frameworks */,
				6E9FAE1F1D9F72A600C0E3EF /* Resources */,
			);
			buildRules = (
			);
			dependencies = (
				6E9FAE231D9F72A600C0E3EF /* PBXTargetDependency */,
			);
			name = TextKitSampleUITests;
			productName = TextKitSampleUITests;
			productReference = 6E9FAE211D9F72A600C0E3EF /* TextKitSampleUITests.xctest */;
			productType = "com.apple.product-type.bundle.ui-testing";
		};
/* End PBXNativeTarget section */

/* Begin PBXProject section */
		6E9FADFA1D9F72A600C0E3EF /* Project object */ = {
			isa = PBXProject;
			attributes = {
				LastSwiftUpdateCheck = 0800;
				LastUpgradeCheck = 0800;
				ORGANIZATIONNAME = "Kazuhiro Hayashi";
				TargetAttributes = {
					6E9FAE011D9F72A600C0E3EF = {
						CreatedOnToolsVersion = 8.0;
						DevelopmentTeam = R33Y42SDDR;
						ProvisioningStyle = Automatic;
					};
					6E9FAE151D9F72A600C0E3EF = {
						CreatedOnToolsVersion = 8.0;
						DevelopmentTeam = R33Y42SDDR;
						ProvisioningStyle = Automatic;
						TestTargetID = 6E9FAE011D9F72A600C0E3EF;
					};
					6E9FAE201D9F72A600C0E3EF = {
						CreatedOnToolsVersion = 8.0;
						DevelopmentTeam = R33Y42SDDR;
						ProvisioningStyle = Automatic;
						TestTargetID = 6E9FAE011D9F72A600C0E3EF;
					};
				};
			};
			buildConfigurationList = 6E9FADFD1D9F72A600C0E3EF /* Build configuration list for PBXProject "TextKitSample" */;
			compatibilityVersion = "Xcode 3.2";
			developmentRegion = English;
			hasScannedForEncodings = 0;
			knownRegions = (
				en,
				Base,
			);
			mainGroup = 6E9FADF91D9F72A600C0E3EF;
			productRefGroup = 6E9FAE031D9F72A600C0E3EF /* Products */;
			projectDirPath = "";
			projectRoot = "";
			targets = (
				6E9FAE011D9F72A600C0E3EF /* TextKitSample */,
				6E9FAE151D9F72A600C0E3EF /* TextKitSampleTests */,
				6E9FAE201D9F72A600C0E3EF /* TextKitSampleUITests */,
			);
		};
/* End PBXProject section */

/* Begin PBXResourcesBuildPhase section */
		6E9FAE001D9F72A600C0E3EF /* Resources */ = {
			isa = PBXResourcesBuildPhase;
			buildActionMask = 2147483647;
			files = (
				6E9FAE101D9F72A600C0E3EF /* LaunchScreen.storyboard in Resources */,
				6E9FAE0D1D9F72A600C0E3EF /* Assets.xcassets in Resources */,
				6E9FAE0B1D9F72A600C0E3EF /* Main.storyboard in Resources */,
			);
			runOnlyForDeploymentPostprocessing = 0;
		};
		6E9FAE141D9F72A600C0E3EF /* Resources */ = {
			isa = PBXResourcesBuildPhase;
			buildActionMask = 2147483647;
			files = (
			);
			runOnlyForDeploymentPostprocessing = 0;
		};
		6E9FAE1F1D9F72A600C0E3EF /* Resources */ = {
			isa = PBXResourcesBuildPhase;
			buildActionMask = 2147483647;
			files = (
			);
			runOnlyForDeploymentPostprocessing = 0;
		};
/* End PBXResourcesBuildPhase section */

/* Begin PBXSourcesBuildPhase section */
		6E9FADFE1D9F72A600C0E3EF /* Sources */ = {
			isa = PBXSourcesBuildPhase;
			buildActionMask = 2147483647;
			files = (
				6E9FAE361D9FA75F00C0E3EF /* TextKitView.swift in Sources */,
				6E8D40EB1DAD1BC70039D9C0 /* TextEffectView.swift in Sources */,
				6E9FAE081D9F72A600C0E3EF /* ViewController.swift in Sources */,
				6E9FAE061D9F72A600C0E3EF /* AppDelegate.swift in Sources */,
				6E9FAE341D9F72D000C0E3EF /* TextKitLabel.swift in Sources */,
				6E220BE41DCF23230055D5B4 /* AnimatableLabel.swift in Sources */,
				6E220BE21DCF1F8F0055D5B4 /* EffectLabel.swift in Sources */,
			);
			runOnlyForDeploymentPostprocessing = 0;
		};
		6E9FAE121D9F72A600C0E3EF /* Sources */ = {
			isa = PBXSourcesBuildPhase;
			buildActionMask = 2147483647;
			files = (
				6E9FAE1B1D9F72A600C0E3EF /* TextKitSampleTests.swift in Sources */,
			);
			runOnlyForDeploymentPostprocessing = 0;
		};
		6E9FAE1D1D9F72A600C0E3EF /* Sources */ = {
			isa = PBXSourcesBuildPhase;
			buildActionMask = 2147483647;
			files = (
				6E9FAE261D9F72A600C0E3EF /* TextKitSampleUITests.swift in Sources */,
			);
			runOnlyForDeploymentPostprocessing = 0;
		};
/* End PBXSourcesBuildPhase section */

/* Begin PBXTargetDependency section */
		6E9FAE181D9F72A600C0E3EF /* PBXTargetDependency */ = {
			isa = PBXTargetDependency;
			target = 6E9FAE011D9F72A600C0E3EF /* TextKitSample */;
			targetProxy = 6E9FAE171D9F72A600C0E3EF /* PBXContainerItemProxy */;
		};
		6E9FAE231D9F72A600C0E3EF /* PBXTargetDependency */ = {
			isa = PBXTargetDependency;
			target = 6E9FAE011D9F72A600C0E3EF /* TextKitSample */;
			targetProxy = 6E9FAE221D9F72A600C0E3EF /* PBXContainerItemProxy */;
		};
/* End PBXTargetDependency section */

/* Begin PBXVariantGroup section */
		6E9FAE091D9F72A600C0E3EF /* Main.storyboard */ = {
			isa = PBXVariantGroup;
			children = (
				6E9FAE0A1D9F72A600C0E3EF /* Base */,
			);
			name = Main.storyboard;
			sourceTree = "<group>";
		};
		6E9FAE0E1D9F72A600C0E3EF /* LaunchScreen.storyboard */ = {
			isa = PBXVariantGroup;
			children = (
				6E9FAE0F1D9F72A600C0E3EF /* Base */,
			);
			name = LaunchScreen.storyboard;
			sourceTree = "<group>";
		};
/* End PBXVariantGroup section */

/* Begin XCBuildConfiguration section */
		6E9FAE281D9F72A600C0E3EF /* Debug */ = {
			isa = XCBuildConfiguration;
			buildSettings = {
				ALWAYS_SEARCH_USER_PATHS = NO;
				CLANG_ANALYZER_NONNULL = YES;
				CLANG_CXX_LANGUAGE_STANDARD = "gnu++0x";
				CLANG_CXX_LIBRARY = "libc++";
				CLANG_ENABLE_MODULES = YES;
				CLANG_ENABLE_OBJC_ARC = YES;
				CLANG_WARN_BOOL_CONVERSION = YES;
				CLANG_WARN_CONSTANT_CONVERSION = YES;
				CLANG_WARN_DIRECT_OBJC_ISA_USAGE = YES_ERROR;
				CLANG_WARN_DOCUMENTATION_COMMENTS = YES;
				CLANG_WARN_EMPTY_BODY = YES;
				CLANG_WARN_ENUM_CONVERSION = YES;
				CLANG_WARN_INFINITE_RECURSION = YES;
				CLANG_WARN_INT_CONVERSION = YES;
				CLANG_WARN_OBJC_ROOT_CLASS = YES_ERROR;
				CLANG_WARN_SUSPICIOUS_MOVES = YES;
				CLANG_WARN_UNREACHABLE_CODE = YES;
				CLANG_WARN__DUPLICATE_METHOD_MATCH = YES;
				"CODE_SIGN_IDENTITY[sdk=iphoneos*]" = "iPhone Developer";
				COPY_PHASE_STRIP = NO;
				DEBUG_INFORMATION_FORMAT = dwarf;
				ENABLE_STRICT_OBJC_MSGSEND = YES;
				ENABLE_TESTABILITY = YES;
				GCC_C_LANGUAGE_STANDARD = gnu99;
				GCC_DYNAMIC_NO_PIC = NO;
				GCC_NO_COMMON_BLOCKS = YES;
				GCC_OPTIMIZATION_LEVEL = 0;
				GCC_PREPROCESSOR_DEFINITIONS = (
					"DEBUG=1",
					"$(inherited)",
				);
				GCC_WARN_64_TO_32_BIT_CONVERSION = YES;
				GCC_WARN_ABOUT_RETURN_TYPE = YES_ERROR;
				GCC_WARN_UNDECLARED_SELECTOR = YES;
				GCC_WARN_UNINITIALIZED_AUTOS = YES_AGGRESSIVE;
				GCC_WARN_UNUSED_FUNCTION = YES;
				GCC_WARN_UNUSED_VARIABLE = YES;
				IPHONEOS_DEPLOYMENT_TARGET = 10.0;
				MTL_ENABLE_DEBUG_INFO = YES;
				ONLY_ACTIVE_ARCH = YES;
				SDKROOT = iphoneos;
				SWIFT_ACTIVE_COMPILATION_CONDITIONS = DEBUG;
				SWIFT_OPTIMIZATION_LEVEL = "-Onone";
				TARGETED_DEVICE_FAMILY = "1,2";
			};
			name = Debug;
		};
		6E9FAE291D9F72A600C0E3EF /* Release */ = {
			isa = XCBuildConfiguration;
			buildSettings = {
				ALWAYS_SEARCH_USER_PATHS = NO;
				CLANG_ANALYZER_NONNULL = YES;
				CLANG_CXX_LANGUAGE_STANDARD = "gnu++0x";
				CLANG_CXX_LIBRARY = "libc++";
				CLANG_ENABLE_MODULES = YES;
				CLANG_ENABLE_OBJC_ARC = YES;
				CLANG_WARN_BOOL_CONVERSION = YES;
				CLANG_WARN_CONSTANT_CONVERSION = YES;
				CLANG_WARN_DIRECT_OBJC_ISA_USAGE = YES_ERROR;
				CLANG_WARN_DOCUMENTATION_COMMENTS = YES;
				CLANG_WARN_EMPTY_BODY = YES;
				CLANG_WARN_ENUM_CONVERSION = YES;
				CLANG_WARN_INFINITE_RECURSION = YES;
				CLANG_WARN_INT_CONVERSION = YES;
				CLANG_WARN_OBJC_ROOT_CLASS = YES_ERROR;
				CLANG_WARN_SUSPICIOUS_MOVES = YES;
				CLANG_WARN_UNREACHABLE_CODE = YES;
				CLANG_WARN__DUPLICATE_METHOD_MATCH = YES;
				"CODE_SIGN_IDENTITY[sdk=iphoneos*]" = "iPhone Developer";
				COPY_PHASE_STRIP = NO;
				DEBUG_INFORMATION_FORMAT = "dwarf-with-dsym";
				ENABLE_NS_ASSERTIONS = NO;
				ENABLE_STRICT_OBJC_MSGSEND = YES;
				GCC_C_LANGUAGE_STANDARD = gnu99;
				GCC_NO_COMMON_BLOCKS = YES;
				GCC_WARN_64_TO_32_BIT_CONVERSION = YES;
				GCC_WARN_ABOUT_RETURN_TYPE = YES_ERROR;
				GCC_WARN_UNDECLARED_SELECTOR = YES;
				GCC_WARN_UNINITIALIZED_AUTOS = YES_AGGRESSIVE;
				GCC_WARN_UNUSED_FUNCTION = YES;
				GCC_WARN_UNUSED_VARIABLE = YES;
				IPHONEOS_DEPLOYMENT_TARGET = 10.0;
				MTL_ENABLE_DEBUG_INFO = NO;
				SDKROOT = iphoneos;
				SWIFT_OPTIMIZATION_LEVEL = "-Owholemodule";
				TARGETED_DEVICE_FAMILY = "1,2";
				VALIDATE_PRODUCT = YES;
			};
			name = Release;
		};
		6E9FAE2B1D9F72A600C0E3EF /* Debug */ = {
			isa = XCBuildConfiguration;
			buildSettings = {
				ASSETCATALOG_COMPILER_APPICON_NAME = AppIcon;
				DEVELOPMENT_TEAM = R33Y42SDDR;
				INFOPLIST_FILE = TextKitSample/Info.plist;
				LD_RUNPATH_SEARCH_PATHS = "$(inherited) @executable_path/Frameworks";
				PRODUCT_BUNDLE_IDENTIFIER = kazuhiro.hayashi.TextKitSample;
				PRODUCT_NAME = "$(TARGET_NAME)";
				SWIFT_VERSION = 3.0;
			};
			name = Debug;
		};
		6E9FAE2C1D9F72A600C0E3EF /* Release */ = {
			isa = XCBuildConfiguration;
			buildSettings = {
				ASSETCATALOG_COMPILER_APPICON_NAME = AppIcon;
				DEVELOPMENT_TEAM = R33Y42SDDR;
				INFOPLIST_FILE = TextKitSample/Info.plist;
				LD_RUNPATH_SEARCH_PATHS = "$(inherited) @executable_path/Frameworks";
				PRODUCT_BUNDLE_IDENTIFIER = kazuhiro.hayashi.TextKitSample;
				PRODUCT_NAME = "$(TARGET_NAME)";
				SWIFT_VERSION = 3.0;
			};
			name = Release;
		};
		6E9FAE2E1D9F72A600C0E3EF /* Debug */ = {
			isa = XCBuildConfiguration;
			buildSettings = {
				ALWAYS_EMBED_SWIFT_STANDARD_LIBRARIES = YES;
				BUNDLE_LOADER = "$(TEST_HOST)";
				DEVELOPMENT_TEAM = R33Y42SDDR;
				INFOPLIST_FILE = TextKitSampleTests/Info.plist;
				LD_RUNPATH_SEARCH_PATHS = "$(inherited) @executable_path/Frameworks @loader_path/Frameworks";
				PRODUCT_BUNDLE_IDENTIFIER = kazuhiro.hayashi.TextKitSampleTests;
				PRODUCT_NAME = "$(TARGET_NAME)";
				SWIFT_VERSION = 3.0;
				TEST_HOST = "$(BUILT_PRODUCTS_DIR)/TextKitSample.app/TextKitSample";
			};
			name = Debug;
		};
		6E9FAE2F1D9F72A600C0E3EF /* Release */ = {
			isa = XCBuildConfiguration;
			buildSettings = {
				ALWAYS_EMBED_SWIFT_STANDARD_LIBRARIES = YES;
				BUNDLE_LOADER = "$(TEST_HOST)";
				DEVELOPMENT_TEAM = R33Y42SDDR;
				INFOPLIST_FILE = TextKitSampleTests/Info.plist;
				LD_RUNPATH_SEARCH_PATHS = "$(inherited) @executable_path/Frameworks @loader_path/Frameworks";
				PRODUCT_BUNDLE_IDENTIFIER = kazuhiro.hayashi.TextKitSampleTests;
				PRODUCT_NAME = "$(TARGET_NAME)";
				SWIFT_VERSION = 3.0;
				TEST_HOST = "$(BUILT_PRODUCTS_DIR)/TextKitSample.app/TextKitSample";
			};
			name = Release;
		};
		6E9FAE311D9F72A600C0E3EF /* Debug */ = {
			isa = XCBuildConfiguration;
			buildSettings = {
				ALWAYS_EMBED_SWIFT_STANDARD_LIBRARIES = YES;
				DEVELOPMENT_TEAM = R33Y42SDDR;
				INFOPLIST_FILE = TextKitSampleUITests/Info.plist;
				LD_RUNPATH_SEARCH_PATHS = "$(inherited) @executable_path/Frameworks @loader_path/Frameworks";
				PRODUCT_BUNDLE_IDENTIFIER = kazuhiro.hayashi.TextKitSampleUITests;
				PRODUCT_NAME = "$(TARGET_NAME)";
				SWIFT_VERSION = 3.0;
				TEST_TARGET_NAME = TextKitSample;
			};
			name = Debug;
		};
		6E9FAE321D9F72A600C0E3EF /* Release */ = {
			isa = XCBuildConfiguration;
			buildSettings = {
				ALWAYS_EMBED_SWIFT_STANDARD_LIBRARIES = YES;
				DEVELOPMENT_TEAM = R33Y42SDDR;
				INFOPLIST_FILE = TextKitSampleUITests/Info.plist;
				LD_RUNPATH_SEARCH_PATHS = "$(inherited) @executable_path/Frameworks @loader_path/Frameworks";
				PRODUCT_BUNDLE_IDENTIFIER = kazuhiro.hayashi.TextKitSampleUITests;
				PRODUCT_NAME = "$(TARGET_NAME)";
				SWIFT_VERSION = 3.0;
				TEST_TARGET_NAME = TextKitSample;
			};
			name = Release;
		};
/* End XCBuildConfiguration section */

/* Begin XCConfigurationList section */
		6E9FADFD1D9F72A600C0E3EF /* Build configuration list for PBXProject "TextKitSample" */ = {
			isa = XCConfigurationList;
			buildConfigurations = (
				6E9FAE281D9F72A600C0E3EF /* Debug */,
				6E9FAE291D9F72A600C0E3EF /* Release */,
			);
			defaultConfigurationIsVisible = 0;
			defaultConfigurationName = Release;
		};
		6E9FAE2A1D9F72A600C0E3EF /* Build configuration list for PBXNativeTarget "TextKitSample" */ = {
			isa = XCConfigurationList;
			buildConfigurations = (
				6E9FAE2B1D9F72A600C0E3EF /* Debug */,
				6E9FAE2C1D9F72A600C0E3EF /* Release */,
			);
			defaultConfigurationIsVisible = 0;
			defaultConfigurationName = Release;
		};
		6E9FAE2D1D9F72A600C0E3EF /* Build configuration list for PBXNativeTarget "TextKitSampleTests" */ = {
			isa = XCConfigurationList;
			buildConfigurations = (
				6E9FAE2E1D9F72A600C0E3EF /* Debug */,
				6E9FAE2F1D9F72A600C0E3EF /* Release */,
			);
			defaultConfigurationIsVisible = 0;
			defaultConfigurationName = Release;
		};
		6E9FAE301D9F72A600C0E3EF /* Build configuration list for PBXNativeTarget "TextKitSampleUITests" */ = {
			isa = XCConfigurationList;
			buildConfigurations = (
				6E9FAE311D9F72A600C0E3EF /* Debug */,
				6E9FAE321D9F72A600C0E3EF /* Release */,
			);
			defaultConfigurationIsVisible = 0;
			defaultConfigurationName = Release;
		};
/* End XCConfigurationList section */
	};
	rootObject = 6E9FADFA1D9F72A600C0E3EF /* Project object */;
}
